
Microsoft Visual Studio Solution File, Format Version 12.00
# Visual Studio Version 16
VisualStudioVersion = 16.0.31424.327
MinimumVisualStudioVersion = 10.0.40219.1
Project("{FAE04EC0-301F-11D3-BF4B-00C04F79EFBC}") = "14.Manual.Dictionary.SortedDictionary", "14.Manual.Dictionary.SortedDictionary\14.Manual.Dictionary.SortedDictionary.csproj", "{6C7C558E-97D6-48CA-8B2F-F33AF69C9F6D}"
EndProject
Global
	GlobalSection(SolutionConfigurationPlatforms) = preSolution
		Debug|Any CPU = Debug|Any CPU
		Release|Any CPU = Release|Any CPU
	EndGlobalSection
	GlobalSection(ProjectConfigurationPlatforms) = postSolution
		{6C7C558E-97D6-48CA-8B2F-F33AF69C9F6D}.Debug|Any CPU.ActiveCfg = Debug|Any CPU
		{6C7C558E-97D6-48CA-8B2F-F33AF69C9F6D}.Debug|Any CPU.Build.0 = Debug|Any CPU
		{6C7C558E-97D6-48CA-8B2F-F33AF69C9F6D}.Release|Any CPU.ActiveCfg = Release|Any CPU
		{6C7C558E-97D6-48CA-8B2F-F33AF69C9F6D}.Release|Any CPU.Build.0 = Release|Any CPU
	EndGlobalSection
	GlobalSection(SolutionProperties) = preSolution
		HideSolutionNode = FALSE
	EndGlobalSection
	GlobalSection(ExtensibilityGlobals) = postSolution
		SolutionGuid = {237D499E-D091-49B8-8701-D7EF25DAE493}
	EndGlobalSection
EndGlobal
